
Microsoft Visual Studio Solution File, Format Version 11.00
# Visual Studio 2010
Project("{FAE04EC0-301F-11D3-BF4B-00C04F79EFBC}") = "WebUI", "WebUI\WebUI.csproj", "{92B45F4C-AEEF-4CBC-9B67-ABE973200004}"
EndProject
Project("{FAE04EC0-301F-11D3-BF4B-00C04F79EFBC}") = "Models", "Models\Models.csproj", "{D7B21FEB-0EDB-4313-9DC2-968B76EAC829}"
EndProject
Project("{FAE04EC0-301F-11D3-BF4B-00C04F79EFBC}") = "DataProvider", "DataProvider\DataProvider.csproj", "{553B7A0A-0C24-4ECD-B788-7A3448E06F04}"
EndProject
Global
	GlobalSection(SolutionConfigurationPlatforms) = preSolution
		Debug|Any CPU = Debug|Any CPU
		Release|Any CPU = Release|Any CPU
	EndGlobalSection
	GlobalSection(ProjectConfigurationPlatforms) = postSolution
		{92B45F4C-AEEF-4CBC-9B67-ABE973200004}.Debug|Any CPU.ActiveCfg = Debug|Any CPU
		{92B45F4C-AEEF-4CBC-9B67-ABE973200004}.Debug|Any CPU.Build.0 = Debug|Any CPU
		{92B45F4C-AEEF-4CBC-9B67-ABE973200004}.Release|Any CPU.ActiveCfg = Release|Any CPU
		{92B45F4C-AEEF-4CBC-9B67-ABE973200004}.Release|Any CPU.Build.0 = Release|Any CPU
		{D7B21FEB-0EDB-4313-9DC2-968B76EAC829}.Debug|Any CPU.ActiveCfg = Debug|Any CPU
		{D7B21FEB-0EDB-4313-9DC2-968B76EAC829}.Debug|Any CPU.Build.0 = Debug|Any CPU
		{D7B21FEB-0EDB-4313-9DC2-968B76EAC829}.Release|Any CPU.ActiveCfg = Release|Any CPU
		{D7B21FEB-0EDB-4313-9DC2-968B76EAC829}.Release|Any CPU.Build.0 = Release|Any CPU
		{553B7A0A-0C24-4ECD-B788-7A3448E06F04}.Debug|Any CPU.ActiveCfg = Debug|Any CPU
		{553B7A0A-0C24-4ECD-B788-7A3448E06F04}.Debug|Any CPU.Build.0 = Debug|Any CPU
		{553B7A0A-0C24-4ECD-B788-7A3448E06F04}.Release|Any CPU.ActiveCfg = Release|Any CPU
		{553B7A0A-0C24-4ECD-B788-7A3448E06F04}.Release|Any CPU.Build.0 = Release|Any CPU
	EndGlobalSection
	GlobalSection(SolutionProperties) = preSolution
		HideSolutionNode = FALSE
	EndGlobalSection
EndGlobal
